{
  "name": "mona-tron-de",
  "version": "0.1.0",
  "lockfileVersion": 3,
  "requires": true,
  "packages": {
    "": {
      "name": "mona-tron-de",
      "version": "0.1.0",
      "license": "MIT",
      "bin": {
        "mona-tron-de": "dist/cli.js"
      },
      "engines": {
        "node": ">=18"
      }
    }
  }
}
